
Microsoft Visual Studio Solution File, Format Version 12.00
# Visual Studio 15
VisualStudioVersion = 15.0.28307.757
MinimumVisualStudioVersion = 10.0.40219.1
Project("{00D1A9C2-B5F0-4AF3-8072-F6C62B433612}") = "HavertysDW", "HavertysDW\HavertysDW.sqlproj", "{DE34A0A3-11DB-4E28-850E-837D18A664EA}"
EndProject
Global
	GlobalSection(SolutionConfigurationPlatforms) = preSolution
		Debug|Any CPU = Debug|Any CPU
		Release|Any CPU = Release|Any CPU
	EndGlobalSection
	GlobalSection(ProjectConfigurationPlatforms) = postSolution
		{DE34A0A3-11DB-4E28-850E-837D18A664EA}.Debug|Any CPU.ActiveCfg = Debug|Any CPU
		{DE34A0A3-11DB-4E28-850E-837D18A664EA}.Debug|Any CPU.Build.0 = Debug|Any CPU
		{DE34A0A3-11DB-4E28-850E-837D18A664EA}.Debug|Any CPU.Deploy.0 = Debug|Any CPU
		{DE34A0A3-11DB-4E28-850E-837D18A664EA}.Release|Any CPU.ActiveCfg = Release|Any CPU
		{DE34A0A3-11DB-4E28-850E-837D18A664EA}.Release|Any CPU.Build.0 = Release|Any CPU
		{DE34A0A3-11DB-4E28-850E-837D18A664EA}.Release|Any CPU.Deploy.0 = Release|Any CPU
	EndGlobalSection
	GlobalSection(SolutionProperties) = preSolution
		HideSolutionNode = FALSE
	EndGlobalSection
	GlobalSection(ExtensibilityGlobals) = postSolution
		SolutionGuid = {8C4219D4-C7EE-4648-AFCD-9EB0E1256095}
	EndGlobalSection
EndGlobal
